
Microsoft Visual Studio Solution File, Format Version 12.00
# Visual Studio 15
VisualStudioVersion = 15.0.28307.1684
MinimumVisualStudioVersion = 10.0.40219.1
Project("{8BC9CEB8-8B4A-11D0-8D11-00A0C91BC942}") = "6.33", "6.33\6.33.vcxproj", "{114B566F-25C1-46D3-A0B1-90A362D80902}"
EndProject
Global
	GlobalSection(SolutionConfigurationPlatforms) = preSolution
		Debug|x64 = Debug|x64
		Debug|x86 = Debug|x86
		Release|x64 = Release|x64
		Release|x86 = Release|x86
	EndGlobalSection
	GlobalSection(ProjectConfigurationPlatforms) = postSolution
		{114B566F-25C1-46D3-A0B1-90A362D80902}.Debug|x64.ActiveCfg = Debug|x64
		{114B566F-25C1-46D3-A0B1-90A362D80902}.Debug|x64.Build.0 = Debug|x64
		{114B566F-25C1-46D3-A0B1-90A362D80902}.Debug|x86.ActiveCfg = Debug|Win32
		{114B566F-25C1-46D3-A0B1-90A362D80902}.Debug|x86.Build.0 = Debug|Win32
		{114B566F-25C1-46D3-A0B1-90A362D80902}.Release|x64.ActiveCfg = Release|x64
		{114B566F-25C1-46D3-A0B1-90A362D80902}.Release|x64.Build.0 = Release|x64
		{114B566F-25C1-46D3-A0B1-90A362D80902}.Release|x86.ActiveCfg = Release|Win32
		{114B566F-25C1-46D3-A0B1-90A362D80902}.Release|x86.Build.0 = Release|Win32
	EndGlobalSection
	GlobalSection(SolutionProperties) = preSolution
		HideSolutionNode = FALSE
	EndGlobalSection
	GlobalSection(ExtensibilityGlobals) = postSolution
		SolutionGuid = {D0CED335-948A-4DCC-9454-262CC185C7E4}
	EndGlobalSection
EndGlobal
